
Microsoft Visual Studio Solution File, Format Version 12.00
# Visual Studio Version 17
VisualStudioVersion = 17.1.32421.90
MinimumVisualStudioVersion = 10.0.40219.1
Project("{FAE04EC0-301F-11D3-BF4B-00C04F79EFBC}") = "DataStructuresLab", "DataStructuresLab\DataStructuresLab.csproj", "{C1381826-A8E3-433C-B1F2-458FE46D33A8}"
EndProject
Global
	GlobalSection(SolutionConfigurationPlatforms) = preSolution
		Debug|Any CPU = Debug|Any CPU
		Release|Any CPU = Release|Any CPU
	EndGlobalSection
	GlobalSection(ProjectConfigurationPlatforms) = postSolution
		{C1381826-A8E3-433C-B1F2-458FE46D33A8}.Debug|Any CPU.ActiveCfg = Debug|Any CPU
		{C1381826-A8E3-433C-B1F2-458FE46D33A8}.Debug|Any CPU.Build.0 = Debug|Any CPU
		{C1381826-A8E3-433C-B1F2-458FE46D33A8}.Release|Any CPU.ActiveCfg = Release|Any CPU
		{C1381826-A8E3-433C-B1F2-458FE46D33A8}.Release|Any CPU.Build.0 = Release|Any CPU
	EndGlobalSection
	GlobalSection(SolutionProperties) = preSolution
		HideSolutionNode = FALSE
	EndGlobalSection
	GlobalSection(ExtensibilityGlobals) = postSolution
		SolutionGuid = {926D05C8-64DC-45BA-A3C6-BB705D8C92FF}
	EndGlobalSection
EndGlobal
